
Microsoft Visual Studio Solution File, Format Version 12.00
# Visual Studio 15
VisualStudioVersion = 15.0.28010.2016
MinimumVisualStudioVersion = 10.0.40219.1
Project("{2150E333-8FDC-42A3-9474-1A3956D46DE8}") = "Docs", "Docs", "{F5D5E4CE-6126-45BB-8EC3-90B6E85F16F6}"
	ProjectSection(SolutionItems) = preProject
		C:\Users\mikolaj.bednarek\Downloads\tech assignment 2018.txt = C:\Users\mikolaj.bednarek\Downloads\tech assignment 2018.txt
	EndProjectSection
EndProject
Project("{FAE04EC0-301F-11D3-BF4B-00C04F79EFBC}") = "SimpleTaskManager.API", "SimpleTaskManager.API\SimpleTaskManager.API.csproj", "{37D92ED8-A50C-4AB5-9A0A-294170488461}"
EndProject
Project("{FAE04EC0-301F-11D3-BF4B-00C04F79EFBC}") = "SimpleTaskManager.Tests", "SimpleTaskManager.Tests\SimpleTaskManager.Tests.csproj", "{953B0648-51AD-475F-8417-BE4D0CFFF28D}"
EndProject
Global
	GlobalSection(SolutionConfigurationPlatforms) = preSolution
		Debug|Any CPU = Debug|Any CPU
		Release|Any CPU = Release|Any CPU
	EndGlobalSection
	GlobalSection(ProjectConfigurationPlatforms) = postSolution
		{37D92ED8-A50C-4AB5-9A0A-294170488461}.Debug|Any CPU.ActiveCfg = Debug|Any CPU
		{37D92ED8-A50C-4AB5-9A0A-294170488461}.Debug|Any CPU.Build.0 = Debug|Any CPU
		{37D92ED8-A50C-4AB5-9A0A-294170488461}.Release|Any CPU.ActiveCfg = Release|Any CPU
		{37D92ED8-A50C-4AB5-9A0A-294170488461}.Release|Any CPU.Build.0 = Release|Any CPU
		{953B0648-51AD-475F-8417-BE4D0CFFF28D}.Debug|Any CPU.ActiveCfg = Debug|Any CPU
		{953B0648-51AD-475F-8417-BE4D0CFFF28D}.Debug|Any CPU.Build.0 = Debug|Any CPU
		{953B0648-51AD-475F-8417-BE4D0CFFF28D}.Release|Any CPU.ActiveCfg = Release|Any CPU
		{953B0648-51AD-475F-8417-BE4D0CFFF28D}.Release|Any CPU.Build.0 = Release|Any CPU
	EndGlobalSection
	GlobalSection(SolutionProperties) = preSolution
		HideSolutionNode = FALSE
	EndGlobalSection
	GlobalSection(ExtensibilityGlobals) = postSolution
		SolutionGuid = {44773F64-8347-423D-BFBB-C4248067D456}
	EndGlobalSection
EndGlobal
